// !$*UTF8*$!
{
	archiveVersion = 1;
	classes = {
	};
	objectVersion = 56;
	objects = {

/* Begin PBXBuildFile section */
		FBDB71D12A9C263400EC9F38 /* AppDelegate.swift in Sources */ = {isa = PBXBuildFile; fileRef = FBDB71D02A9C263400EC9F38 /* AppDelegate.swift */; };
		FBDB71D32A9C263400EC9F38 /* SceneDelegate.swift in Sources */ = {isa = PBXBuildFile; fileRef = FBDB71D22A9C263400EC9F38 /* SceneDelegate.swift */; };
		FBDB71DA2A9C263600EC9F38 /* Assets.xcassets in Resources */ = {isa = PBXBuildFile; fileRef = FBDB71D92A9C263600EC9F38 /* Assets.xcassets */; };
		FBDB71DD2A9C263600EC9F38 /* LaunchScreen.storyboard in Resources */ = {isa = PBXBuildFile; fileRef = FBDB71DB2A9C263600EC9F38 /* LaunchScreen.storyboard */; };
		FBDB71E82A9C2EFE00EC9F38 /* SunBase in Frameworks */ = {isa = PBXBuildFile; productRef = FBDB71E72A9C2EFE00EC9F38 /* SunBase */; };
		FBDB71EB2A9C2F1700EC9F38 /* SnapKit in Frameworks */ = {isa = PBXBuildFile; productRef = FBDB71EA2A9C2F1700EC9F38 /* SnapKit */; };
		FBDB71EE2A9C2F7000EC9F38 /* KakaoSDK in Frameworks */ = {isa = PBXBuildFile; productRef = FBDB71ED2A9C2F7000EC9F38 /* KakaoSDK */; };
		FBDB71F22A9C33CC00EC9F38 /* DataModels.swift in Sources */ = {isa = PBXBuildFile; fileRef = FBDB71F12A9C33CC00EC9F38 /* DataModels.swift */; };
		FBDB71F42A9C33D500EC9F38 /* Constants.swift in Sources */ = {isa = PBXBuildFile; fileRef = FBDB71F32A9C33D500EC9F38 /* Constants.swift */; };
		FBDB71FA2A9C346F00EC9F38 /* SFT_VC.swift in Sources */ = {isa = PBXBuildFile; fileRef = FBDB71F92A9C346F00EC9F38 /* SFT_VC.swift */; };
		FBDB71FC2A9C347500EC9F38 /* SFT_View.swift in Sources */ = {isa = PBXBuildFile; fileRef = FBDB71FB2A9C347500EC9F38 /* SFT_View.swift */; };
		FBDB72002A9C351900EC9F38 /* AppleSignManager.swift in Sources */ = {isa = PBXBuildFile; fileRef = FBDB71FF2A9C351900EC9F38 /* AppleSignManager.swift */; };
		FBDB72022A9C354500EC9F38 /* CommonUtils.swift in Sources */ = {isa = PBXBuildFile; fileRef = FBDB72012A9C354500EC9F38 /* CommonUtils.swift */; };
		FBDB72052A9C3DB200EC9F38 /* MainViewController.swift in Sources */ = {isa = PBXBuildFile; fileRef = FBDB72032A9C3DB200EC9F38 /* MainViewController.swift */; };
		FBDB72062A9C3DB200EC9F38 /* MainViewController.xib in Resources */ = {isa = PBXBuildFile; fileRef = FBDB72042A9C3DB200EC9F38 /* MainViewController.xib */; };
		FBDB720A2A9C55AD00EC9F38 /* SignTestViewController.swift in Sources */ = {isa = PBXBuildFile; fileRef = FBDB72082A9C55AD00EC9F38 /* SignTestViewController.swift */; };
		FBDB720B2A9C55AD00EC9F38 /* SignTestViewController.xib in Resources */ = {isa = PBXBuildFile; fileRef = FBDB72092A9C55AD00EC9F38 /* SignTestViewController.xib */; };
/* End PBXBuildFile section */

/* Begin PBXFileReference section */
		FBDB71CD2A9C263400EC9F38 /* SomeFuncTest.app */ = {isa = PBXFileReference; explicitFileType = wrapper.application; includeInIndex = 0; path = SomeFuncTest.app; sourceTree = BUILT_PRODUCTS_DIR; };
		FBDB71D02A9C263400EC9F38 /* AppDelegate.swift */ = {isa = PBXFileReference; lastKnownFileType = sourcecode.swift; path = AppDelegate.swift; sourceTree = "<group>"; };
		FBDB71D22A9C263400EC9F38 /* SceneDelegate.swift */ = {isa = PBXFileReference; lastKnownFileType = sourcecode.swift; path = SceneDelegate.swift; sourceTree = "<group>"; };
		FBDB71D92A9C263600EC9F38 /* Assets.xcassets */ = {isa = PBXFileReference; lastKnownFileType = folder.assetcatalog; path = Assets.xcassets; sourceTree = "<group>"; };
		FBDB71DC2A9C263600EC9F38 /* Base */ = {isa = PBXFileReference; lastKnownFileType = file.storyboard; name = Base; path = Base.lproj/LaunchScreen.storyboard; sourceTree = "<group>"; };
		FBDB71DE2A9C263600EC9F38 /* Info.plist */ = {isa = PBXFileReference; lastKnownFileType = text.plist.xml; path = Info.plist; sourceTree = "<group>"; };
		FBDB71E42A9C268100EC9F38 /* Information.md */ = {isa = PBXFileReference; lastKnownFileType = net.daringfireball.markdown; path = Information.md; sourceTree = "<group>"; };
		FBDB71EF2A9C300D00EC9F38 /* SomeFuncTest.entitlements */ = {isa = PBXFileReference; lastKnownFileType = text.plist.entitlements; path = SomeFuncTest.entitlements; sourceTree = "<group>"; };
		FBDB71F12A9C33CC00EC9F38 /* DataModels.swift */ = {isa = PBXFileReference; lastKnownFileType = sourcecode.swift; path = DataModels.swift; sourceTree = "<group>"; };
		FBDB71F32A9C33D500EC9F38 /* Constants.swift */ = {isa = PBXFileReference; lastKnownFileType = sourcecode.swift; path = Constants.swift; sourceTree = "<group>"; };
		FBDB71F92A9C346F00EC9F38 /* SFT_VC.swift */ = {isa = PBXFileReference; lastKnownFileType = sourcecode.swift; path = SFT_VC.swift; sourceTree = "<group>"; };
		FBDB71FB2A9C347500EC9F38 /* SFT_View.swift */ = {isa = PBXFileReference; lastKnownFileType = sourcecode.swift; path = SFT_View.swift; sourceTree = "<group>"; };
		FBDB71FF2A9C351900EC9F38 /* AppleSignManager.swift */ = {isa = PBXFileReference; lastKnownFileType = sourcecode.swift; path = AppleSignManager.swift; sourceTree = "<group>"; };
		FBDB72012A9C354500EC9F38 /* CommonUtils.swift */ = {isa = PBXFileReference; lastKnownFileType = sourcecode.swift; path = CommonUtils.swift; sourceTree = "<group>"; };
		FBDB72032A9C3DB200EC9F38 /* MainViewController.swift */ = {isa = PBXFileReference; lastKnownFileType = sourcecode.swift; path = MainViewController.swift; sourceTree = "<group>"; };
		FBDB72042A9C3DB200EC9F38 /* MainViewController.xib */ = {isa = PBXFileReference; lastKnownFileType = file.xib; path = MainViewController.xib; sourceTree = "<group>"; };
		FBDB72082A9C55AD00EC9F38 /* SignTestViewController.swift */ = {isa = PBXFileReference; lastKnownFileType = sourcecode.swift; path = SignTestViewController.swift; sourceTree = "<group>"; };
		FBDB72092A9C55AD00EC9F38 /* SignTestViewController.xib */ = {isa = PBXFileReference; lastKnownFileType = file.xib; path = SignTestViewController.xib; sourceTree = "<group>"; };
/* End PBXFileReference section */

/* Begin PBXFrameworksBuildPhase section */
		FBDB71CA2A9C263400EC9F38 /* Frameworks */ = {
			isa = PBXFrameworksBuildPhase;
			buildActionMask = 2147483647;
			files = (
				FBDB71E82A9C2EFE00EC9F38 /* SunBase in Frameworks */,
				FBDB71EB2A9C2F1700EC9F38 /* SnapKit in Frameworks */,
				FBDB71EE2A9C2F7000EC9F38 /* KakaoSDK in Frameworks */,
			);
			runOnlyForDeploymentPostprocessing = 0;
		};
/* End PBXFrameworksBuildPhase section */

/* Begin PBXGroup section */
		FBDB71C42A9C263400EC9F38 = {
			isa = PBXGroup;
			children = (
				FBDB71E52A9C28DA00EC9F38 /* Documents */,
				FBDB71CF2A9C263400EC9F38 /* SomeFuncTest */,
				FBDB71CE2A9C263400EC9F38 /* Products */,
			);
			sourceTree = "<group>";
		};
		FBDB71CE2A9C263400EC9F38 /* Products */ = {
			isa = PBXGroup;
			children = (
				FBDB71CD2A9C263400EC9F38 /* SomeFuncTest.app */,
			);
			name = Products;
			sourceTree = "<group>";
		};
		FBDB71CF2A9C263400EC9F38 /* SomeFuncTest */ = {
			isa = PBXGroup;
			children = (
				FBDB71EF2A9C300D00EC9F38 /* SomeFuncTest.entitlements */,
				FBDB71D02A9C263400EC9F38 /* AppDelegate.swift */,
				FBDB71D22A9C263400EC9F38 /* SceneDelegate.swift */,
				FBDB71F72A9C345100EC9F38 /* Common */,
				FBDB71FD2A9C34EA00EC9F38 /* Func */,
				FBDB71F02A9C331B00EC9F38 /* Scene */,
				FBDB71D92A9C263600EC9F38 /* Assets.xcassets */,
				FBDB71DB2A9C263600EC9F38 /* LaunchScreen.storyboard */,
				FBDB71DE2A9C263600EC9F38 /* Info.plist */,
			);
			path = SomeFuncTest;
			sourceTree = "<group>";
		};
		FBDB71E52A9C28DA00EC9F38 /* Documents */ = {
			isa = PBXGroup;
			children = (
				FBDB71E42A9C268100EC9F38 /* Information.md */,
			);
			path = Documents;
			sourceTree = "<group>";
		};
		FBDB71F02A9C331B00EC9F38 /* Scene */ = {
			isa = PBXGroup;
			children = (
				FBDB72032A9C3DB200EC9F38 /* MainViewController.swift */,
				FBDB72042A9C3DB200EC9F38 /* MainViewController.xib */,
				FBDB72072A9C553500EC9F38 /* SignTestScene */,
			);
			path = Scene;
			sourceTree = "<group>";
		};
		FBDB71F72A9C345100EC9F38 /* Common */ = {
			isa = PBXGroup;
			children = (
				FBDB71F82A9C345B00EC9F38 /* RootScene */,
				FBDB71F12A9C33CC00EC9F38 /* DataModels.swift */,
				FBDB71F32A9C33D500EC9F38 /* Constants.swift */,
				FBDB72012A9C354500EC9F38 /* CommonUtils.swift */,
			);
			path = Common;
			sourceTree = "<group>";
		};
		FBDB71F82A9C345B00EC9F38 /* RootScene */ = {
			isa = PBXGroup;
			children = (
				FBDB71F92A9C346F00EC9F38 /* SFT_VC.swift */,
				FBDB71FB2A9C347500EC9F38 /* SFT_View.swift */,
			);
			path = RootScene;
			sourceTree = "<group>";
		};
		FBDB71FD2A9C34EA00EC9F38 /* Func */ = {
			isa = PBXGroup;
			children = (
				FBDB71FE2A9C34F700EC9F38 /* Account */,
			);
			path = Func;
			sourceTree = "<group>";
		};
		FBDB71FE2A9C34F700EC9F38 /* Account */ = {
			isa = PBXGroup;
			children = (
				FBDB71FF2A9C351900EC9F38 /* AppleSignManager.swift */,
			);
			path = Account;
			sourceTree = "<group>";
		};
		FBDB72072A9C553500EC9F38 /* SignTestScene */ = {
			isa = PBXGroup;
			children = (
				FBDB72082A9C55AD00EC9F38 /* SignTestViewController.swift */,
				FBDB72092A9C55AD00EC9F38 /* SignTestViewController.xib */,
			);
			path = SignTestScene;
			sourceTree = "<group>";
		};
/* End PBXGroup section */

/* Begin PBXNativeTarget section */
		FBDB71CC2A9C263400EC9F38 /* SomeFuncTest */ = {
			isa = PBXNativeTarget;
			buildConfigurationList = FBDB71E12A9C263600EC9F38 /* Build configuration list for PBXNativeTarget "SomeFuncTest" */;
			buildPhases = (
				FBDB71C92A9C263400EC9F38 /* Sources */,
				FBDB71CA2A9C263400EC9F38 /* Frameworks */,
				FBDB71CB2A9C263400EC9F38 /* Resources */,
			);
			buildRules = (
			);
			dependencies = (
			);
			name = SomeFuncTest;
			packageProductDependencies = (
				FBDB71E72A9C2EFE00EC9F38 /* SunBase */,
				FBDB71EA2A9C2F1700EC9F38 /* SnapKit */,
				FBDB71ED2A9C2F7000EC9F38 /* KakaoSDK */,
			);
			productName = SomeFuncTest;
			productReference = FBDB71CD2A9C263400EC9F38 /* SomeFuncTest.app */;
			productType = "com.apple.product-type.application";
		};
/* End PBXNativeTarget section */

/* Begin PBXProject section */
		FBDB71C52A9C263400EC9F38 /* Project object */ = {
			isa = PBXProject;
			attributes = {
				BuildIndependentTargetsInParallel = 1;
				LastSwiftUpdateCheck = 1430;
				LastUpgradeCheck = 1430;
				TargetAttributes = {
					FBDB71CC2A9C263400EC9F38 = {
						CreatedOnToolsVersion = 14.3.1;
					};
				};
			};
			buildConfigurationList = FBDB71C82A9C263400EC9F38 /* Build configuration list for PBXProject "SomeFuncTest" */;
			compatibilityVersion = "Xcode 14.0";
			developmentRegion = en;
			hasScannedForEncodings = 0;
			knownRegions = (
				en,
				Base,
			);
			mainGroup = FBDB71C42A9C263400EC9F38;
			packageReferences = (
				FBDB71E62A9C2EFE00EC9F38 /* XCRemoteSwiftPackageReference "SunBase" */,
				FBDB71E92A9C2F1700EC9F38 /* XCRemoteSwiftPackageReference "SnapKit" */,
				FBDB71EC2A9C2F7000EC9F38 /* XCRemoteSwiftPackageReference "kakao-ios-sdk" */,
			);
			productRefGroup = FBDB71CE2A9C263400EC9F38 /* Products */;
			projectDirPath = "";
			projectRoot = "";
			targets = (
				FBDB71CC2A9C263400EC9F38 /* SomeFuncTest */,
			);
		};
/* End PBXProject section */

/* Begin PBXResourcesBuildPhase section */
		FBDB71CB2A9C263400EC9F38 /* Resources */ = {
			isa = PBXResourcesBuildPhase;
			buildActionMask = 2147483647;
			files = (
				FBDB71DD2A9C263600EC9F38 /* LaunchScreen.storyboard in Resources */,
				FBDB72062A9C3DB200EC9F38 /* MainViewController.xib in Resources */,
				FBDB71DA2A9C263600EC9F38 /* Assets.xcassets in Resources */,
				FBDB720B2A9C55AD00EC9F38 /* SignTestViewController.xib in Resources */,
			);
			runOnlyForDeploymentPostprocessing = 0;
		};
/* End PBXResourcesBuildPhase section */

/* Begin PBXSourcesBuildPhase section */
		FBDB71C92A9C263400EC9F38 /* Sources */ = {
			isa = PBXSourcesBuildPhase;
			buildActionMask = 2147483647;
			files = (
				FBDB71FA2A9C346F00EC9F38 /* SFT_VC.swift in Sources */,
				FBDB71F22A9C33CC00EC9F38 /* DataModels.swift in Sources */,
				FBDB71F42A9C33D500EC9F38 /* Constants.swift in Sources */,
				FBDB71FC2A9C347500EC9F38 /* SFT_View.swift in Sources */,
				FBDB71D12A9C263400EC9F38 /* AppDelegate.swift in Sources */,
				FBDB71D32A9C263400EC9F38 /* SceneDelegate.swift in Sources */,
				FBDB72052A9C3DB200EC9F38 /* MainViewController.swift in Sources */,
				FBDB72022A9C354500EC9F38 /* CommonUtils.swift in Sources */,
				FBDB72002A9C351900EC9F38 /* AppleSignManager.swift in Sources */,
				FBDB720A2A9C55AD00EC9F38 /* SignTestViewController.swift in Sources */,
			);
			runOnlyForDeploymentPostprocessing = 0;
		};
/* End PBXSourcesBuildPhase section */

/* Begin PBXVariantGroup section */
		FBDB71DB2A9C263600EC9F38 /* LaunchScreen.storyboard */ = {
			isa = PBXVariantGroup;
			children = (
				FBDB71DC2A9C263600EC9F38 /* Base */,
			);
			name = LaunchScreen.storyboard;
			sourceTree = "<group>";
		};
/* End PBXVariantGroup section */

/* Begin XCBuildConfiguration section */
		FBDB71DF2A9C263600EC9F38 /* Debug */ = {
			isa = XCBuildConfiguration;
			buildSettings = {
				ALWAYS_SEARCH_USER_PATHS = NO;
				CLANG_ANALYZER_NONNULL = YES;
				CLANG_ANALYZER_NUMBER_OBJECT_CONVERSION = YES_AGGRESSIVE;
				CLANG_CXX_LANGUAGE_STANDARD = "gnu++20";
				CLANG_ENABLE_MODULES = YES;
				CLANG_ENABLE_OBJC_ARC = YES;
				CLANG_ENABLE_OBJC_WEAK = YES;
				CLANG_WARN_BLOCK_CAPTURE_AUTORELEASING = YES;
				CLANG_WARN_BOOL_CONVERSION = YES;
				CLANG_WARN_COMMA = YES;
				CLANG_WARN_CONSTANT_CONVERSION = YES;
				CLANG_WARN_DEPRECATED_OBJC_IMPLEMENTATIONS = YES;
				CLANG_WARN_DIRECT_OBJC_ISA_USAGE = YES_ERROR;
				CLANG_WARN_DOCUMENTATION_COMMENTS = YES;
				CLANG_WARN_EMPTY_BODY = YES;
				CLANG_WARN_ENUM_CONVERSION = YES;
				CLANG_WARN_INFINITE_RECURSION = YES;
				CLANG_WARN_INT_CONVERSION = YES;
				CLANG_WARN_NON_LITERAL_NULL_CONVERSION = YES;
				CLANG_WARN_OBJC_IMPLICIT_RETAIN_SELF = YES;
				CLANG_WARN_OBJC_LITERAL_CONVERSION = YES;
				CLANG_WARN_OBJC_ROOT_CLASS = YES_ERROR;
				CLANG_WARN_QUOTED_INCLUDE_IN_FRAMEWORK_HEADER = YES;
				CLANG_WARN_RANGE_LOOP_ANALYSIS = YES;
				CLANG_WARN_STRICT_PROTOTYPES = YES;
				CLANG_WARN_SUSPICIOUS_MOVE = YES;
				CLANG_WARN_UNGUARDED_AVAILABILITY = YES_AGGRESSIVE;
				CLANG_WARN_UNREACHABLE_CODE = YES;
				CLANG_WARN__DUPLICATE_METHOD_MATCH = YES;
				COPY_PHASE_STRIP = NO;
				DEBUG_INFORMATION_FORMAT = dwarf;
				ENABLE_STRICT_OBJC_MSGSEND = YES;
				ENABLE_TESTABILITY = YES;
				GCC_C_LANGUAGE_STANDARD = gnu11;
				GCC_DYNAMIC_NO_PIC = NO;
				GCC_NO_COMMON_BLOCKS = YES;
				GCC_OPTIMIZATION_LEVEL = 0;
				GCC_PREPROCESSOR_DEFINITIONS = (
					"DEBUG=1",
					"$(inherited)",
				);
				GCC_WARN_64_TO_32_BIT_CONVERSION = YES;
				GCC_WARN_ABOUT_RETURN_TYPE = YES_ERROR;
				GCC_WARN_UNDECLARED_SELECTOR = YES;
				GCC_WARN_UNINITIALIZED_AUTOS = YES_AGGRESSIVE;
				GCC_WARN_UNUSED_FUNCTION = YES;
				GCC_WARN_UNUSED_VARIABLE = YES;
				IPHONEOS_DEPLOYMENT_TARGET = 14.0;
				MTL_ENABLE_DEBUG_INFO = INCLUDE_SOURCE;
				MTL_FAST_MATH = YES;
				ONLY_ACTIVE_ARCH = YES;
				SDKROOT = iphoneos;
				SWIFT_ACTIVE_COMPILATION_CONDITIONS = DEBUG;
				SWIFT_OPTIMIZATION_LEVEL = "-Onone";
			};
			name = Debug;
		};
		FBDB71E02A9C263600EC9F38 /* Release */ = {
			isa = XCBuildConfiguration;
			buildSettings = {
				ALWAYS_SEARCH_USER_PATHS = NO;
				CLANG_ANALYZER_NONNULL = YES;
				CLANG_ANALYZER_NUMBER_OBJECT_CONVERSION = YES_AGGRESSIVE;
				CLANG_CXX_LANGUAGE_STANDARD = "gnu++20";
				CLANG_ENABLE_MODULES = YES;
				CLANG_ENABLE_OBJC_ARC = YES;
				CLANG_ENABLE_OBJC_WEAK = YES;
				CLANG_WARN_BLOCK_CAPTURE_AUTORELEASING = YES;
				CLANG_WARN_BOOL_CONVERSION = YES;
				CLANG_WARN_COMMA = YES;
				CLANG_WARN_CONSTANT_CONVERSION = YES;
				CLANG_WARN_DEPRECATED_OBJC_IMPLEMENTATIONS = YES;
				CLANG_WARN_DIRECT_OBJC_ISA_USAGE = YES_ERROR;
				CLANG_WARN_DOCUMENTATION_COMMENTS = YES;
				CLANG_WARN_EMPTY_BODY = YES;
				CLANG_WARN_ENUM_CONVERSION = YES;
				CLANG_WARN_INFINITE_RECURSION = YES;
				CLANG_WARN_INT_CONVERSION = YES;
				CLANG_WARN_NON_LITERAL_NULL_CONVERSION = YES;
				CLANG_WARN_OBJC_IMPLICIT_RETAIN_SELF = YES;
				CLANG_WARN_OBJC_LITERAL_CONVERSION = YES;
				CLANG_WARN_OBJC_ROOT_CLASS = YES_ERROR;
				CLANG_WARN_QUOTED_INCLUDE_IN_FRAMEWORK_HEADER = YES;
				CLANG_WARN_RANGE_LOOP_ANALYSIS = YES;
				CLANG_WARN_STRICT_PROTOTYPES = YES;
				CLANG_WARN_SUSPICIOUS_MOVE = YES;
				CLANG_WARN_UNGUARDED_AVAILABILITY = YES_AGGRESSIVE;
				CLANG_WARN_UNREACHABLE_CODE = YES;
				CLANG_WARN__DUPLICATE_METHOD_MATCH = YES;
				COPY_PHASE_STRIP = NO;
				DEBUG_INFORMATION_FORMAT = "dwarf-with-dsym";
				ENABLE_NS_ASSERTIONS = NO;
				ENABLE_STRICT_OBJC_MSGSEND = YES;
				GCC_C_LANGUAGE_STANDARD = gnu11;
				GCC_NO_COMMON_BLOCKS = YES;
				GCC_WARN_64_TO_32_BIT_CONVERSION = YES;
				GCC_WARN_ABOUT_RETURN_TYPE = YES_ERROR;
				GCC_WARN_UNDECLARED_SELECTOR = YES;
				GCC_WARN_UNINITIALIZED_AUTOS = YES_AGGRESSIVE;
				GCC_WARN_UNUSED_FUNCTION = YES;
				GCC_WARN_UNUSED_VARIABLE = YES;
				IPHONEOS_DEPLOYMENT_TARGET = 14.0;
				MTL_ENABLE_DEBUG_INFO = NO;
				MTL_FAST_MATH = YES;
				SDKROOT = iphoneos;
				SWIFT_COMPILATION_MODE = wholemodule;
				SWIFT_OPTIMIZATION_LEVEL = "-O";
				VALIDATE_PRODUCT = YES;
			};
			name = Release;
		};
		FBDB71E22A9C263600EC9F38 /* Debug */ = {
			isa = XCBuildConfiguration;
			buildSettings = {
				ASSETCATALOG_COMPILER_APPICON_NAME = AppIcon;
				ASSETCATALOG_COMPILER_GLOBAL_ACCENT_COLOR_NAME = AccentColor;
				CODE_SIGN_ENTITLEMENTS = SomeFuncTest/SomeFuncTest.entitlements;
				CODE_SIGN_STYLE = Automatic;
				CURRENT_PROJECT_VERSION = 1;
				DEVELOPMENT_TEAM = 45MYH7ZHUQ;
				GENERATE_INFOPLIST_FILE = YES;
				INFOPLIST_FILE = SomeFuncTest/Info.plist;
				INFOPLIST_KEY_UIApplicationSupportsIndirectInputEvents = YES;
				INFOPLIST_KEY_UILaunchStoryboardName = LaunchScreen;
				INFOPLIST_KEY_UIStatusBarHidden = NO;
				INFOPLIST_KEY_UISupportedInterfaceOrientations = UIInterfaceOrientationPortrait;
				INFOPLIST_KEY_UISupportedInterfaceOrientations_iPad = "UIInterfaceOrientationLandscapeLeft UIInterfaceOrientationLandscapeRight UIInterfaceOrientationPortrait UIInterfaceOrientationPortraitUpsideDown";
				IPHONEOS_DEPLOYMENT_TARGET = 14.0;
				LD_RUNPATH_SEARCH_PATHS = (
					"$(inherited)",
					"@executable_path/Frameworks",
				);
				MARKETING_VERSION = 1.0;
				PRODUCT_BUNDLE_IDENTIFIER = "kr.kro.sean-k.SomeFuncTest";
				PRODUCT_NAME = "$(TARGET_NAME)";
				SUPPORTED_PLATFORMS = "iphoneos iphonesimulator";
				SUPPORTS_MACCATALYST = NO;
				SUPPORTS_MAC_DESIGNED_FOR_IPHONE_IPAD = YES;
				SWIFT_EMIT_LOC_STRINGS = YES;
				SWIFT_VERSION = 5.0;
				TARGETED_DEVICE_FAMILY = 1;
			};
			name = Debug;
		};
		FBDB71E32A9C263600EC9F38 /* Release */ = {
			isa = XCBuildConfiguration;
			buildSettings = {
				ASSETCATALOG_COMPILER_APPICON_NAME = AppIcon;
				ASSETCATALOG_COMPILER_GLOBAL_ACCENT_COLOR_NAME = AccentColor;
				CODE_SIGN_ENTITLEMENTS = SomeFuncTest/SomeFuncTest.entitlements;
				CODE_SIGN_STYLE = Automatic;
				CURRENT_PROJECT_VERSION = 1;
				DEVELOPMENT_TEAM = 45MYH7ZHUQ;
				GENERATE_INFOPLIST_FILE = YES;
				INFOPLIST_FILE = SomeFuncTest/Info.plist;
				INFOPLIST_KEY_UIApplicationSupportsIndirectInputEvents = YES;
				INFOPLIST_KEY_UILaunchStoryboardName = LaunchScreen;
				INFOPLIST_KEY_UIStatusBarHidden = NO;
				INFOPLIST_KEY_UISupportedInterfaceOrientations = UIInterfaceOrientationPortrait;
				INFOPLIST_KEY_UISupportedInterfaceOrientations_iPad = "UIInterfaceOrientationLandscapeLeft UIInterfaceOrientationLandscapeRight UIInterfaceOrientationPortrait UIInterfaceOrientationPortraitUpsideDown";
				IPHONEOS_DEPLOYMENT_TARGET = 14.0;
				LD_RUNPATH_SEARCH_PATHS = (
					"$(inherited)",
					"@executable_path/Frameworks",
				);
				MARKETING_VERSION = 1.0;
				PRODUCT_BUNDLE_IDENTIFIER = "kr.kro.sean-k.SomeFuncTest";
				PRODUCT_NAME = "$(TARGET_NAME)";
				SUPPORTED_PLATFORMS = "iphoneos iphonesimulator";
				SUPPORTS_MACCATALYST = NO;
				SUPPORTS_MAC_DESIGNED_FOR_IPHONE_IPAD = YES;
				SWIFT_EMIT_LOC_STRINGS = YES;
				SWIFT_VERSION = 5.0;
				TARGETED_DEVICE_FAMILY = 1;
			};
			name = Release;
		};
/* End XCBuildConfiguration section */

/* Begin XCConfigurationList section */
		FBDB71C82A9C263400EC9F38 /* Build configuration list for PBXProject "SomeFuncTest" */ = {
			isa = XCConfigurationList;
			buildConfigurations = (
				FBDB71DF2A9C263600EC9F38 /* Debug */,
				FBDB71E02A9C263600EC9F38 /* Release */,
			);
			defaultConfigurationIsVisible = 0;
			defaultConfigurationName = Release;
		};
		FBDB71E12A9C263600EC9F38 /* Build configuration list for PBXNativeTarget "SomeFuncTest" */ = {
			isa = XCConfigurationList;
			buildConfigurations = (
				FBDB71E22A9C263600EC9F38 /* Debug */,
				FBDB71E32A9C263600EC9F38 /* Release */,
			);
			defaultConfigurationIsVisible = 0;
			defaultConfigurationName = Release;
		};
/* End XCConfigurationList section */

/* Begin XCRemoteSwiftPackageReference section */
		FBDB71E62A9C2EFE00EC9F38 /* XCRemoteSwiftPackageReference "SunBase" */ = {
			isa = XCRemoteSwiftPackageReference;
			repositoryURL = "https://github.com/SEAN-59/SunBase";
			requirement = {
				branch = master;
				kind = branch;
			};
		};
		FBDB71E92A9C2F1700EC9F38 /* XCRemoteSwiftPackageReference "SnapKit" */ = {
			isa = XCRemoteSwiftPackageReference;
			repositoryURL = "https://github.com/SnapKit/SnapKit.git";
			requirement = {
				kind = upToNextMajorVersion;
				minimumVersion = 5.0.0;
			};
		};
		FBDB71EC2A9C2F7000EC9F38 /* XCRemoteSwiftPackageReference "kakao-ios-sdk" */ = {
			isa = XCRemoteSwiftPackageReference;
			repositoryURL = "https://github.com/kakao/kakao-ios-sdk";
			requirement = {
				kind = upToNextMajorVersion;
				minimumVersion = 2.0.0;
			};
		};
/* End XCRemoteSwiftPackageReference section */

/* Begin XCSwiftPackageProductDependency section */
		FBDB71E72A9C2EFE00EC9F38 /* SunBase */ = {
			isa = XCSwiftPackageProductDependency;
			package = FBDB71E62A9C2EFE00EC9F38 /* XCRemoteSwiftPackageReference "SunBase" */;
			productName = SunBase;
		};
		FBDB71EA2A9C2F1700EC9F38 /* SnapKit */ = {
			isa = XCSwiftPackageProductDependency;
			package = FBDB71E92A9C2F1700EC9F38 /* XCRemoteSwiftPackageReference "SnapKit" */;
			productName = SnapKit;
		};
		FBDB71ED2A9C2F7000EC9F38 /* KakaoSDK */ = {
			isa = XCSwiftPackageProductDependency;
			package = FBDB71EC2A9C2F7000EC9F38 /* XCRemoteSwiftPackageReference "kakao-ios-sdk" */;
			productName = KakaoSDK;
		};
/* End XCSwiftPackageProductDependency section */
	};
	rootObject = FBDB71C52A9C263400EC9F38 /* Project object */;
}
